
Microsoft Visual Studio Solution File, Format Version 12.00
# Visual Studio 15
VisualStudioVersion = 15.0.28307.271
MinimumVisualStudioVersion = 10.0.40219.1
Project("{FAE04EC0-301F-11D3-BF4B-00C04F79EFBC}") = "Project Proposal", "Project Proposal\Project Proposal.csproj", "{C9DEA771-0395-4385-9D6C-170B1BA8647A}"
EndProject
Global
	GlobalSection(SolutionConfigurationPlatforms) = preSolution
		Debug|Any CPU = Debug|Any CPU
		Release|Any CPU = Release|Any CPU
	EndGlobalSection
	GlobalSection(ProjectConfigurationPlatforms) = postSolution
		{C9DEA771-0395-4385-9D6C-170B1BA8647A}.Debug|Any CPU.ActiveCfg = Debug|Any CPU
		{C9DEA771-0395-4385-9D6C-170B1BA8647A}.Debug|Any CPU.Build.0 = Debug|Any CPU
		{C9DEA771-0395-4385-9D6C-170B1BA8647A}.Release|Any CPU.ActiveCfg = Release|Any CPU
		{C9DEA771-0395-4385-9D6C-170B1BA8647A}.Release|Any CPU.Build.0 = Release|Any CPU
	EndGlobalSection
	GlobalSection(SolutionProperties) = preSolution
		HideSolutionNode = FALSE
	EndGlobalSection
	GlobalSection(ExtensibilityGlobals) = postSolution
		SolutionGuid = {A0FF709E-FFDA-4758-884C-5BEF7E251775}
	EndGlobalSection
EndGlobal
